
Microsoft Visual Studio Solution File, Format Version 12.00
# Visual Studio Version 17
VisualStudioVersion = 17.5.002.0
MinimumVisualStudioVersion = 10.0.40219.1
Project("{2150E333-8FDC-42A3-9474-1A3956D46DE8}") = "Decola Tech", "Decola Tech", "{3DB283F0-AC8F-4EA3-A5D1-88B604CADB64}"
EndProject
Project("{2150E333-8FDC-42A3-9474-1A3956D46DE8}") = "Desafio de Projeto", "Desafio de Projeto", "{FCF8E013-D4A4-4DB0-9619-089F310EF37A}"
EndProject
Project("{2150E333-8FDC-42A3-9474-1A3956D46DE8}") = "Sistema para um Estacionamento com C#", "Sistema para um Estacionamento com C#", "{C3CE3D11-B589-45A4-841E-14CD0231AE96}"
EndProject
Project("{9A19103F-16F7-4668-BE54-9A1E7A4F7556}") = "DesafioFundamentos", "Decola Tech\Desafio de Projeto\Sistema para um Estacionamento com C#\DesafioFundamentos\DesafioFundamentos.csproj", "{F1202E5F-806A-4D17-9BAB-F41BF1A0C219}"
EndProject
Project("{2150E333-8FDC-42A3-9474-1A3956D46DE8}") = "testedio", "testedio", "{AE0F76C8-EB5A-4A51-ABE6-436050169761}"
EndProject
Project("{2150E333-8FDC-42A3-9474-1A3956D46DE8}") = "Desafio-DIO-CSharp-main", "Desafio-DIO-CSharp-main", "{F1843F0D-6BB6-468D-85D3-0ADE3845AAE6}"
EndProject
Project("{2150E333-8FDC-42A3-9474-1A3956D46DE8}") = "Desafio-DIO-CSharp-main", "Desafio-DIO-CSharp-main", "{C0D2E87F-8C8E-4EAC-9E94-25E327A8359B}"
EndProject
Project("{2150E333-8FDC-42A3-9474-1A3956D46DE8}") = "Estaciomento", "Estaciomento", "{DD0C9113-3FDD-4800-B20D-A1238FDB258F}"
EndProject
Project("{9A19103F-16F7-4668-BE54-9A1E7A4F7556}") = "Estacionamento", "testedio\Desafio-DIO-CSharp-main\Desafio-DIO-CSharp-main\Estaciomento\Estaciomento\Estacionamento.csproj", "{D56B4C9D-6CEC-4D52-9141-254DAF208828}"
EndProject
Global
	GlobalSection(SolutionConfigurationPlatforms) = preSolution
		Debug|Any CPU = Debug|Any CPU
		Release|Any CPU = Release|Any CPU
	EndGlobalSection
	GlobalSection(ProjectConfigurationPlatforms) = postSolution
		{F1202E5F-806A-4D17-9BAB-F41BF1A0C219}.Debug|Any CPU.ActiveCfg = Debug|Any CPU
		{F1202E5F-806A-4D17-9BAB-F41BF1A0C219}.Debug|Any CPU.Build.0 = Debug|Any CPU
		{F1202E5F-806A-4D17-9BAB-F41BF1A0C219}.Release|Any CPU.ActiveCfg = Release|Any CPU
		{F1202E5F-806A-4D17-9BAB-F41BF1A0C219}.Release|Any CPU.Build.0 = Release|Any CPU
		{D56B4C9D-6CEC-4D52-9141-254DAF208828}.Debug|Any CPU.ActiveCfg = Debug|Any CPU
		{D56B4C9D-6CEC-4D52-9141-254DAF208828}.Debug|Any CPU.Build.0 = Debug|Any CPU
		{D56B4C9D-6CEC-4D52-9141-254DAF208828}.Release|Any CPU.ActiveCfg = Release|Any CPU
		{D56B4C9D-6CEC-4D52-9141-254DAF208828}.Release|Any CPU.Build.0 = Release|Any CPU
	EndGlobalSection
	GlobalSection(SolutionProperties) = preSolution
		HideSolutionNode = FALSE
	EndGlobalSection
	GlobalSection(NestedProjects) = preSolution
		{FCF8E013-D4A4-4DB0-9619-089F310EF37A} = {3DB283F0-AC8F-4EA3-A5D1-88B604CADB64}
		{C3CE3D11-B589-45A4-841E-14CD0231AE96} = {FCF8E013-D4A4-4DB0-9619-089F310EF37A}
		{F1202E5F-806A-4D17-9BAB-F41BF1A0C219} = {C3CE3D11-B589-45A4-841E-14CD0231AE96}
		{F1843F0D-6BB6-468D-85D3-0ADE3845AAE6} = {AE0F76C8-EB5A-4A51-ABE6-436050169761}
		{C0D2E87F-8C8E-4EAC-9E94-25E327A8359B} = {F1843F0D-6BB6-468D-85D3-0ADE3845AAE6}
		{DD0C9113-3FDD-4800-B20D-A1238FDB258F} = {C0D2E87F-8C8E-4EAC-9E94-25E327A8359B}
		{D56B4C9D-6CEC-4D52-9141-254DAF208828} = {DD0C9113-3FDD-4800-B20D-A1238FDB258F}
	EndGlobalSection
	GlobalSection(ExtensibilityGlobals) = postSolution
		SolutionGuid = {FE45BDBF-F90A-4082-BB2B-1773913F9670}
	EndGlobalSection
EndGlobal
